
Microsoft Visual Studio Solution File, Format Version 12.00
# Visual Studio Version 17
VisualStudioVersion = 17.0.32112.339
MinimumVisualStudioVersion = 10.0.40219.1
Project("{2150E333-8FDC-42A3-9474-1A3956D46DE8}") = "ApplicationDomain", "ApplicationDomain", "{30C0C924-433D-475A-A020-ED43F98F07E8}"
EndProject
Project("{FAE04EC0-301F-11D3-BF4B-00C04F79EFBC}") = "Entities", "Entities\Entities.csproj", "{0E5C06F1-0432-4237-9175-F22E44080429}"
EndProject
Project("{2150E333-8FDC-42A3-9474-1A3956D46DE8}") = "DataAccess", "DataAccess", "{4C7B3E8B-FEDD-48E2-BB0C-67681D3855C8}"
EndProject
Project("{FAE04EC0-301F-11D3-BF4B-00C04F79EFBC}") = "Repository", "Repository\Repository.csproj", "{DA939B6D-A520-42F1-B2D9-4B2AEEE41ADF}"
EndProject
Project("{2150E333-8FDC-42A3-9474-1A3956D46DE8}") = "FrontEnd", "FrontEnd", "{1B9C6EAF-CA23-4FB8-9D52-01B8EB33B5F3}"
EndProject
Project("{FAE04EC0-301F-11D3-BF4B-00C04F79EFBC}") = "Web", "Web\Web.csproj", "{E2188373-8861-4096-BFFA-8A24375F0BED}"
EndProject
Project("{2150E333-8FDC-42A3-9474-1A3956D46DE8}") = "Global", "Global", "{4B2E831C-4DEA-40EB-988E-6C0FFB6E23C7}"
EndProject
Project("{FAE04EC0-301F-11D3-BF4B-00C04F79EFBC}") = "Common", "Common\Common.csproj", "{47D7837D-FB15-49AC-8F3C-D26737CEAD9F}"
EndProject
Project("{FAE04EC0-301F-11D3-BF4B-00C04F79EFBC}") = "Dtos", "Dtos\Dtos.csproj", "{CD71814F-DEE5-4BCF-A86D-317B534372C0}"
EndProject
Project("{FAE04EC0-301F-11D3-BF4B-00C04F79EFBC}") = "Resources", "Resources\Resources.csproj", "{54B3C739-21CC-466E-A249-378BCA09AD84}"
EndProject
Project("{2150E333-8FDC-42A3-9474-1A3956D46DE8}") = "Databases", "Databases", "{25E6F5F0-B776-47F2-8507-6F65FBCCC4F2}"
EndProject
Project("{00D1A9C2-B5F0-4AF3-8072-F6C62B433612}") = "SqlDb", "SqlDb\SqlDb.sqlproj", "{FB502EB0-0B2E-4084-BB41-1DAA8A0E27F8}"
EndProject
Project("{2150E333-8FDC-42A3-9474-1A3956D46DE8}") = "BackEnd", "BackEnd", "{07AC07A2-33BB-4B2C-B9E4-1B67A96E80C9}"
EndProject
Project("{FAE04EC0-301F-11D3-BF4B-00C04F79EFBC}") = "Services", "Services\Services.csproj", "{0BA14D73-CC68-4DEC-91D2-DC489D8B0F16}"
EndProject
Project("{FAE04EC0-301F-11D3-BF4B-00C04F79EFBC}") = "WebApi", "WebApi\WebApi.csproj", "{90D56D33-27EB-4CA5-9880-C73B8F72170C}"
EndProject
Global
	GlobalSection(SolutionConfigurationPlatforms) = preSolution
		Debug|Any CPU = Debug|Any CPU
		Release|Any CPU = Release|Any CPU
	EndGlobalSection
	GlobalSection(ProjectConfigurationPlatforms) = postSolution
		{0E5C06F1-0432-4237-9175-F22E44080429}.Debug|Any CPU.ActiveCfg = Debug|Any CPU
		{0E5C06F1-0432-4237-9175-F22E44080429}.Debug|Any CPU.Build.0 = Debug|Any CPU
		{0E5C06F1-0432-4237-9175-F22E44080429}.Release|Any CPU.ActiveCfg = Release|Any CPU
		{0E5C06F1-0432-4237-9175-F22E44080429}.Release|Any CPU.Build.0 = Release|Any CPU
		{DA939B6D-A520-42F1-B2D9-4B2AEEE41ADF}.Debug|Any CPU.ActiveCfg = Debug|Any CPU
		{DA939B6D-A520-42F1-B2D9-4B2AEEE41ADF}.Debug|Any CPU.Build.0 = Debug|Any CPU
		{DA939B6D-A520-42F1-B2D9-4B2AEEE41ADF}.Release|Any CPU.ActiveCfg = Release|Any CPU
		{DA939B6D-A520-42F1-B2D9-4B2AEEE41ADF}.Release|Any CPU.Build.0 = Release|Any CPU
		{E2188373-8861-4096-BFFA-8A24375F0BED}.Debug|Any CPU.ActiveCfg = Debug|Any CPU
		{E2188373-8861-4096-BFFA-8A24375F0BED}.Debug|Any CPU.Build.0 = Debug|Any CPU
		{E2188373-8861-4096-BFFA-8A24375F0BED}.Release|Any CPU.ActiveCfg = Release|Any CPU
		{E2188373-8861-4096-BFFA-8A24375F0BED}.Release|Any CPU.Build.0 = Release|Any CPU
		{47D7837D-FB15-49AC-8F3C-D26737CEAD9F}.Debug|Any CPU.ActiveCfg = Debug|Any CPU
		{47D7837D-FB15-49AC-8F3C-D26737CEAD9F}.Debug|Any CPU.Build.0 = Debug|Any CPU
		{47D7837D-FB15-49AC-8F3C-D26737CEAD9F}.Release|Any CPU.ActiveCfg = Release|Any CPU
		{47D7837D-FB15-49AC-8F3C-D26737CEAD9F}.Release|Any CPU.Build.0 = Release|Any CPU
		{CD71814F-DEE5-4BCF-A86D-317B534372C0}.Debug|Any CPU.ActiveCfg = Debug|Any CPU
		{CD71814F-DEE5-4BCF-A86D-317B534372C0}.Debug|Any CPU.Build.0 = Debug|Any CPU
		{CD71814F-DEE5-4BCF-A86D-317B534372C0}.Release|Any CPU.ActiveCfg = Release|Any CPU
		{CD71814F-DEE5-4BCF-A86D-317B534372C0}.Release|Any CPU.Build.0 = Release|Any CPU
		{54B3C739-21CC-466E-A249-378BCA09AD84}.Debug|Any CPU.ActiveCfg = Debug|Any CPU
		{54B3C739-21CC-466E-A249-378BCA09AD84}.Debug|Any CPU.Build.0 = Debug|Any CPU
		{54B3C739-21CC-466E-A249-378BCA09AD84}.Release|Any CPU.ActiveCfg = Release|Any CPU
		{54B3C739-21CC-466E-A249-378BCA09AD84}.Release|Any CPU.Build.0 = Release|Any CPU
		{FB502EB0-0B2E-4084-BB41-1DAA8A0E27F8}.Debug|Any CPU.ActiveCfg = Debug|Any CPU
		{FB502EB0-0B2E-4084-BB41-1DAA8A0E27F8}.Debug|Any CPU.Build.0 = Debug|Any CPU
		{FB502EB0-0B2E-4084-BB41-1DAA8A0E27F8}.Debug|Any CPU.Deploy.0 = Debug|Any CPU
		{FB502EB0-0B2E-4084-BB41-1DAA8A0E27F8}.Release|Any CPU.ActiveCfg = Release|Any CPU
		{FB502EB0-0B2E-4084-BB41-1DAA8A0E27F8}.Release|Any CPU.Build.0 = Release|Any CPU
		{FB502EB0-0B2E-4084-BB41-1DAA8A0E27F8}.Release|Any CPU.Deploy.0 = Release|Any CPU
		{0BA14D73-CC68-4DEC-91D2-DC489D8B0F16}.Debug|Any CPU.ActiveCfg = Debug|Any CPU
		{0BA14D73-CC68-4DEC-91D2-DC489D8B0F16}.Debug|Any CPU.Build.0 = Debug|Any CPU
		{0BA14D73-CC68-4DEC-91D2-DC489D8B0F16}.Release|Any CPU.ActiveCfg = Release|Any CPU
		{0BA14D73-CC68-4DEC-91D2-DC489D8B0F16}.Release|Any CPU.Build.0 = Release|Any CPU
		{90D56D33-27EB-4CA5-9880-C73B8F72170C}.Debug|Any CPU.ActiveCfg = Debug|Any CPU
		{90D56D33-27EB-4CA5-9880-C73B8F72170C}.Debug|Any CPU.Build.0 = Debug|Any CPU
		{90D56D33-27EB-4CA5-9880-C73B8F72170C}.Release|Any CPU.ActiveCfg = Release|Any CPU
		{90D56D33-27EB-4CA5-9880-C73B8F72170C}.Release|Any CPU.Build.0 = Release|Any CPU
	EndGlobalSection
	GlobalSection(SolutionProperties) = preSolution
		HideSolutionNode = FALSE
	EndGlobalSection
	GlobalSection(NestedProjects) = preSolution
		{0E5C06F1-0432-4237-9175-F22E44080429} = {30C0C924-433D-475A-A020-ED43F98F07E8}
		{DA939B6D-A520-42F1-B2D9-4B2AEEE41ADF} = {4C7B3E8B-FEDD-48E2-BB0C-67681D3855C8}
		{E2188373-8861-4096-BFFA-8A24375F0BED} = {1B9C6EAF-CA23-4FB8-9D52-01B8EB33B5F3}
		{47D7837D-FB15-49AC-8F3C-D26737CEAD9F} = {4B2E831C-4DEA-40EB-988E-6C0FFB6E23C7}
		{CD71814F-DEE5-4BCF-A86D-317B534372C0} = {4B2E831C-4DEA-40EB-988E-6C0FFB6E23C7}
		{54B3C739-21CC-466E-A249-378BCA09AD84} = {4B2E831C-4DEA-40EB-988E-6C0FFB6E23C7}
		{FB502EB0-0B2E-4084-BB41-1DAA8A0E27F8} = {25E6F5F0-B776-47F2-8507-6F65FBCCC4F2}
		{0BA14D73-CC68-4DEC-91D2-DC489D8B0F16} = {07AC07A2-33BB-4B2C-B9E4-1B67A96E80C9}
		{90D56D33-27EB-4CA5-9880-C73B8F72170C} = {07AC07A2-33BB-4B2C-B9E4-1B67A96E80C9}
	EndGlobalSection
	GlobalSection(ExtensibilityGlobals) = postSolution
		SolutionGuid = {099A9E1F-ADEA-4660-B9D0-D4215D274543}
	EndGlobalSection
EndGlobal
